
Microsoft Visual Studio Solution File, Format Version 12.00
# Visual Studio Version 17
VisualStudioVersion = 17.4.33110.190
MinimumVisualStudioVersion = 10.0.40219.1
Project("{FAE04EC0-301F-11D3-BF4B-00C04F79EFBC}") = "G2_SC405_JN_EJECUCION", "G2_SC405_JN_EJECUCION\G2_SC405_JN_EJECUCION.csproj", "{E2447417-4B95-4A6A-876F-8BE6B2DEC955}"
EndProject
Global
	GlobalSection(SolutionConfigurationPlatforms) = preSolution
		Debug|Any CPU = Debug|Any CPU
		Release|Any CPU = Release|Any CPU
	EndGlobalSection
	GlobalSection(ProjectConfigurationPlatforms) = postSolution
		{E2447417-4B95-4A6A-876F-8BE6B2DEC955}.Debug|Any CPU.ActiveCfg = Debug|Any CPU
		{E2447417-4B95-4A6A-876F-8BE6B2DEC955}.Debug|Any CPU.Build.0 = Debug|Any CPU
		{E2447417-4B95-4A6A-876F-8BE6B2DEC955}.Release|Any CPU.ActiveCfg = Release|Any CPU
		{E2447417-4B95-4A6A-876F-8BE6B2DEC955}.Release|Any CPU.Build.0 = Release|Any CPU
	EndGlobalSection
	GlobalSection(SolutionProperties) = preSolution
		HideSolutionNode = FALSE
	EndGlobalSection
	GlobalSection(ExtensibilityGlobals) = postSolution
		SolutionGuid = {D4F1C3C3-A8D5-43EA-B430-F58EDDF826B6}
	EndGlobalSection
EndGlobal
